
Microsoft Visual Studio Solution File, Format Version 12.00
# Visual Studio Version 16
VisualStudioVersion = 16.0.810.11
MinimumVisualStudioVersion = 10.0.40219.1
Project("{FAE04EC0-301F-11D3-BF4B-00C04F79EFBC}") = "Gogo", "Gogo\Gogo.csproj", "{4F13A210-3987-48E5-A5F8-A473D2CD5446}"
EndProject
Global
	GlobalSection(SolutionConfigurationPlatforms) = preSolution
		Debug|Any CPU = Debug|Any CPU
		Release|Any CPU = Release|Any CPU
	EndGlobalSection
	GlobalSection(ProjectConfigurationPlatforms) = postSolution
		{4F13A210-3987-48E5-A5F8-A473D2CD5446}.Debug|Any CPU.ActiveCfg = Debug|Any CPU
		{4F13A210-3987-48E5-A5F8-A473D2CD5446}.Debug|Any CPU.Build.0 = Debug|Any CPU
		{4F13A210-3987-48E5-A5F8-A473D2CD5446}.Release|Any CPU.ActiveCfg = Release|Any CPU
		{4F13A210-3987-48E5-A5F8-A473D2CD5446}.Release|Any CPU.Build.0 = Release|Any CPU
	EndGlobalSection
	GlobalSection(SolutionProperties) = preSolution
		HideSolutionNode = FALSE
	EndGlobalSection
	GlobalSection(ExtensibilityGlobals) = postSolution
		SolutionGuid = {C622393F-CD1A-4EC3-A481-9454D7379E19}
	EndGlobalSection
EndGlobal
